
Microsoft Visual Studio Solution File, Format Version 12.00
# Visual Studio Version 16
VisualStudioVersion = 16.0.29728.190
MinimumVisualStudioVersion = 10.0.40219.1
Project("{FAE04EC0-301F-11D3-BF4B-00C04F79EFBC}") = "StoneSdk", "src\StoneSdk\StoneSdk.csproj", "{8A6D485B-2669-4FC0-AAEB-2C9D415AACF4}"
EndProject
Project("{FAE04EC0-301F-11D3-BF4B-00C04F79EFBC}") = "StoneSdk.Pos", "src\StoneSdk.Pos\StoneSdk.Pos.csproj", "{E8D9B37B-1F96-4044-8407-9BB25425B84E}"
EndProject
Project("{FAE04EC0-301F-11D3-BF4B-00C04F79EFBC}") = "StoneSdk.Pos.Ingenico", "src\StoneSdk.Pos.Ingenico\StoneSdk.Pos.Ingenico.csproj", "{0EBDF710-0244-425B-9140-C730893A7EB4}"
EndProject
Project("{2150E333-8FDC-42A3-9474-1A3956D46DE8}") = "Solution Items", "Solution Items", "{587A4F97-2A73-4323-B141-766F7C6A70C3}"
	ProjectSection(SolutionItems) = preProject
		.editorconfig = .editorconfig
	EndProjectSection
EndProject
Global
	GlobalSection(SolutionConfigurationPlatforms) = preSolution
		Debug|Any CPU = Debug|Any CPU
		Debug|ARM = Debug|ARM
		Debug|ARM64 = Debug|ARM64
		Debug|x64 = Debug|x64
		Debug|x86 = Debug|x86
		Release|Any CPU = Release|Any CPU
		Release|ARM = Release|ARM
		Release|ARM64 = Release|ARM64
		Release|x64 = Release|x64
		Release|x86 = Release|x86
	EndGlobalSection
	GlobalSection(ProjectConfigurationPlatforms) = postSolution
		{8A6D485B-2669-4FC0-AAEB-2C9D415AACF4}.Debug|Any CPU.ActiveCfg = Debug|Any CPU
		{8A6D485B-2669-4FC0-AAEB-2C9D415AACF4}.Debug|Any CPU.Build.0 = Debug|Any CPU
		{8A6D485B-2669-4FC0-AAEB-2C9D415AACF4}.Debug|ARM.ActiveCfg = Debug|Any CPU
		{8A6D485B-2669-4FC0-AAEB-2C9D415AACF4}.Debug|ARM.Build.0 = Debug|Any CPU
		{8A6D485B-2669-4FC0-AAEB-2C9D415AACF4}.Debug|ARM64.ActiveCfg = Debug|Any CPU
		{8A6D485B-2669-4FC0-AAEB-2C9D415AACF4}.Debug|ARM64.Build.0 = Debug|Any CPU
		{8A6D485B-2669-4FC0-AAEB-2C9D415AACF4}.Debug|x64.ActiveCfg = Debug|Any CPU
		{8A6D485B-2669-4FC0-AAEB-2C9D415AACF4}.Debug|x64.Build.0 = Debug|Any CPU
		{8A6D485B-2669-4FC0-AAEB-2C9D415AACF4}.Debug|x86.ActiveCfg = Debug|Any CPU
		{8A6D485B-2669-4FC0-AAEB-2C9D415AACF4}.Debug|x86.Build.0 = Debug|Any CPU
		{8A6D485B-2669-4FC0-AAEB-2C9D415AACF4}.Release|Any CPU.ActiveCfg = Release|Any CPU
		{8A6D485B-2669-4FC0-AAEB-2C9D415AACF4}.Release|Any CPU.Build.0 = Release|Any CPU
		{8A6D485B-2669-4FC0-AAEB-2C9D415AACF4}.Release|ARM.ActiveCfg = Release|Any CPU
		{8A6D485B-2669-4FC0-AAEB-2C9D415AACF4}.Release|ARM.Build.0 = Release|Any CPU
		{8A6D485B-2669-4FC0-AAEB-2C9D415AACF4}.Release|ARM64.ActiveCfg = Release|Any CPU
		{8A6D485B-2669-4FC0-AAEB-2C9D415AACF4}.Release|ARM64.Build.0 = Release|Any CPU
		{8A6D485B-2669-4FC0-AAEB-2C9D415AACF4}.Release|x64.ActiveCfg = Release|Any CPU
		{8A6D485B-2669-4FC0-AAEB-2C9D415AACF4}.Release|x64.Build.0 = Release|Any CPU
		{8A6D485B-2669-4FC0-AAEB-2C9D415AACF4}.Release|x86.ActiveCfg = Release|Any CPU
		{8A6D485B-2669-4FC0-AAEB-2C9D415AACF4}.Release|x86.Build.0 = Release|Any CPU
		{E8D9B37B-1F96-4044-8407-9BB25425B84E}.Debug|Any CPU.ActiveCfg = Debug|Any CPU
		{E8D9B37B-1F96-4044-8407-9BB25425B84E}.Debug|Any CPU.Build.0 = Debug|Any CPU
		{E8D9B37B-1F96-4044-8407-9BB25425B84E}.Debug|ARM.ActiveCfg = Debug|Any CPU
		{E8D9B37B-1F96-4044-8407-9BB25425B84E}.Debug|ARM.Build.0 = Debug|Any CPU
		{E8D9B37B-1F96-4044-8407-9BB25425B84E}.Debug|ARM64.ActiveCfg = Debug|Any CPU
		{E8D9B37B-1F96-4044-8407-9BB25425B84E}.Debug|ARM64.Build.0 = Debug|Any CPU
		{E8D9B37B-1F96-4044-8407-9BB25425B84E}.Debug|x64.ActiveCfg = Debug|Any CPU
		{E8D9B37B-1F96-4044-8407-9BB25425B84E}.Debug|x64.Build.0 = Debug|Any CPU
		{E8D9B37B-1F96-4044-8407-9BB25425B84E}.Debug|x86.ActiveCfg = Debug|Any CPU
		{E8D9B37B-1F96-4044-8407-9BB25425B84E}.Debug|x86.Build.0 = Debug|Any CPU
		{E8D9B37B-1F96-4044-8407-9BB25425B84E}.Release|Any CPU.ActiveCfg = Release|Any CPU
		{E8D9B37B-1F96-4044-8407-9BB25425B84E}.Release|Any CPU.Build.0 = Release|Any CPU
		{E8D9B37B-1F96-4044-8407-9BB25425B84E}.Release|ARM.ActiveCfg = Release|Any CPU
		{E8D9B37B-1F96-4044-8407-9BB25425B84E}.Release|ARM.Build.0 = Release|Any CPU
		{E8D9B37B-1F96-4044-8407-9BB25425B84E}.Release|ARM64.ActiveCfg = Release|Any CPU
		{E8D9B37B-1F96-4044-8407-9BB25425B84E}.Release|ARM64.Build.0 = Release|Any CPU
		{E8D9B37B-1F96-4044-8407-9BB25425B84E}.Release|x64.ActiveCfg = Release|Any CPU
		{E8D9B37B-1F96-4044-8407-9BB25425B84E}.Release|x64.Build.0 = Release|Any CPU
		{E8D9B37B-1F96-4044-8407-9BB25425B84E}.Release|x86.ActiveCfg = Release|Any CPU
		{E8D9B37B-1F96-4044-8407-9BB25425B84E}.Release|x86.Build.0 = Release|Any CPU
		{0EBDF710-0244-425B-9140-C730893A7EB4}.Debug|Any CPU.ActiveCfg = Debug|Any CPU
		{0EBDF710-0244-425B-9140-C730893A7EB4}.Debug|Any CPU.Build.0 = Debug|Any CPU
		{0EBDF710-0244-425B-9140-C730893A7EB4}.Debug|ARM.ActiveCfg = Debug|Any CPU
		{0EBDF710-0244-425B-9140-C730893A7EB4}.Debug|ARM.Build.0 = Debug|Any CPU
		{0EBDF710-0244-425B-9140-C730893A7EB4}.Debug|ARM64.ActiveCfg = Debug|Any CPU
		{0EBDF710-0244-425B-9140-C730893A7EB4}.Debug|ARM64.Build.0 = Debug|Any CPU
		{0EBDF710-0244-425B-9140-C730893A7EB4}.Debug|x64.ActiveCfg = Debug|Any CPU
		{0EBDF710-0244-425B-9140-C730893A7EB4}.Debug|x64.Build.0 = Debug|Any CPU
		{0EBDF710-0244-425B-9140-C730893A7EB4}.Debug|x86.ActiveCfg = Debug|Any CPU
		{0EBDF710-0244-425B-9140-C730893A7EB4}.Debug|x86.Build.0 = Debug|Any CPU
		{0EBDF710-0244-425B-9140-C730893A7EB4}.Release|Any CPU.ActiveCfg = Release|Any CPU
		{0EBDF710-0244-425B-9140-C730893A7EB4}.Release|Any CPU.Build.0 = Release|Any CPU
		{0EBDF710-0244-425B-9140-C730893A7EB4}.Release|ARM.ActiveCfg = Release|Any CPU
		{0EBDF710-0244-425B-9140-C730893A7EB4}.Release|ARM.Build.0 = Release|Any CPU
		{0EBDF710-0244-425B-9140-C730893A7EB4}.Release|ARM64.ActiveCfg = Release|Any CPU
		{0EBDF710-0244-425B-9140-C730893A7EB4}.Release|ARM64.Build.0 = Release|Any CPU
		{0EBDF710-0244-425B-9140-C730893A7EB4}.Release|x64.ActiveCfg = Release|Any CPU
		{0EBDF710-0244-425B-9140-C730893A7EB4}.Release|x64.Build.0 = Release|Any CPU
		{0EBDF710-0244-425B-9140-C730893A7EB4}.Release|x86.ActiveCfg = Release|Any CPU
		{0EBDF710-0244-425B-9140-C730893A7EB4}.Release|x86.Build.0 = Release|Any CPU
	EndGlobalSection
	GlobalSection(SolutionProperties) = preSolution
		HideSolutionNode = FALSE
	EndGlobalSection
	GlobalSection(ExtensibilityGlobals) = postSolution
		SolutionGuid = {597799C9-9E3D-4E55-90A8-D81C41573311}
	EndGlobalSection
EndGlobal
